
Microsoft Visual Studio Solution File, Format Version 12.00
# Visual Studio Version 17
VisualStudioVersion = 17.8.34330.188
MinimumVisualStudioVersion = 10.0.40219.1
Project("{FAE04EC0-301F-11D3-BF4B-00C04F79EFBC}") = "rmopo", "rmopo\rmopo.csproj", "{FCD66CA0-6A51-403F-A99B-A912B35CFAF4}"
EndProject
Project("{FAE04EC0-301F-11D3-BF4B-00C04F79EFBC}") = "Keyboardinputs", "Keyboardinputs\Keyboardinputs.csproj", "{BEB50B3F-8552-444E-BD3F-D930607B60F6}"
EndProject
Global
	GlobalSection(SolutionConfigurationPlatforms) = preSolution
		Debug|Any CPU = Debug|Any CPU
		Release|Any CPU = Release|Any CPU
	EndGlobalSection
	GlobalSection(ProjectConfigurationPlatforms) = postSolution
		{FCD66CA0-6A51-403F-A99B-A912B35CFAF4}.Debug|Any CPU.ActiveCfg = Debug|Any CPU
		{FCD66CA0-6A51-403F-A99B-A912B35CFAF4}.Debug|Any CPU.Build.0 = Debug|Any CPU
		{FCD66CA0-6A51-403F-A99B-A912B35CFAF4}.Release|Any CPU.ActiveCfg = Release|Any CPU
		{FCD66CA0-6A51-403F-A99B-A912B35CFAF4}.Release|Any CPU.Build.0 = Release|Any CPU
		{BEB50B3F-8552-444E-BD3F-D930607B60F6}.Debug|Any CPU.ActiveCfg = Debug|Any CPU
		{BEB50B3F-8552-444E-BD3F-D930607B60F6}.Debug|Any CPU.Build.0 = Debug|Any CPU
		{BEB50B3F-8552-444E-BD3F-D930607B60F6}.Release|Any CPU.ActiveCfg = Release|Any CPU
		{BEB50B3F-8552-444E-BD3F-D930607B60F6}.Release|Any CPU.Build.0 = Release|Any CPU
	EndGlobalSection
	GlobalSection(SolutionProperties) = preSolution
		HideSolutionNode = FALSE
	EndGlobalSection
	GlobalSection(ExtensibilityGlobals) = postSolution
		SolutionGuid = {FB7263B9-2009-4D55-B2D8-5335940DBF48}
	EndGlobalSection
EndGlobal
